{"format_version":"1.2","terraform_version":"1.5.0","variables":{"availability_zones_count":{"value":2},"aws_access_key":{"value":"AKIAXUA5SCJ7MDEBV7VG"},"aws_secret_key":{"value":"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"},"project":{"value":"TFEKSWorkshop"},"region":{"value":"us-west-2"},"subnet_cidr_bits":{"value":8},"tags":{"value":{"Environment":"Development","Owner":"Ayon Choudhury","Project":"TerraformEKSWorkshop"}},"vpc_cidr":{"value":"10.0.0.0/16"}},"planned_values":{"outputs":{"cluster_ca_certificate":{"sensitive":false},"cluster_endpoint":{"sensitive":false},"cluster_name":{"sensitive":false,"type":"string","value":"TFEKSWorkshop-cluster"}},"root_module":{"resources":[{"address":"aws_eip.main","mode":"managed","type":"aws_eip","name":"main","provider_name":"registry.terraform.io/hashicorp/aws","schema_version":0,"values":{"address":null,"associate_with_private_ip":null,"customer_owned_ipv4_pool":null,"tags":{"Name":"TFEKSWorkshop-ngw-ip"},"tags_all":{"Name":"TFEKSWorkshop-ngw-ip"},"timeouts":null},"sensitive_values":{"tags":{},"tags_all":{}}},{"address":"aws_eks_cluster.this","mode":"managed","type":"aws_eks_cluster","name":"this","provider_name":"registry.terraform.io/hashicorp/aws","schema_version":0,"values":{"enabled_cluster_log_types":null,"encryption_config":[],"name":"TFEKSWorkshop-cluster","outpost_config":[],"tags":{"Environment":"Development","Owner":"Ayon Choudhury","Project":"TerraformEKSWorkshop"},"tags_all":{"Environment":"Development","Owner":"Ayon Choudhury","Project":"TerraformEKSWorkshop"},"timeouts":null,"version":"1.21","vpc_config":[{"endpoint_private_access":true,"endpoint_public_access":true,"public_access_cidrs":["0.0.0.0/0"],"security_group_ids":null}]},"sensitive_values":{"certificate_authority":[],"encryption_config":[],"identity":[],"kubernetes_network_config":[],"outpost_config":[],"tags":{},"tags_all":{},"vpc_config":[{"public_access_cidrs":[false],"subnet_ids":[]}]}},{"address":"aws_eks_node_group.this","mode":"managed","type":"aws_eks_node_group","name":"this","provider_name":"registry.terraform.io/hashicorp/aws","schema_version":0,"values":{"ami_type":"AL2_x86_64","capacity_type":"ON_DEMAND","cluster_name":"TFEKSWorkshop-cluster","disk_size":20,"force_update_version":null,"instance_types":["t2.medium"],"labels":null,"launch_template":[],"node_group_name":"TFEKSWorkshop","remote_access":[],"scaling_config":[{"desired_size":2,"max_size":5,"min_size":1}],"tags":{"Environment":"Development","Owner":"Ayon Choudhury","Project":"TerraformEKSWorkshop"},"tags_all":{"Environment":"Development","Owner":"Ayon Choudhury","Project":"TerraformEKSWorkshop"},"taint":[],"timeouts":null},"sensitive_values":{"instance_types":[false],"launch_template":[],"remote_access":[],"resources":[],"scaling_config":[{}],"subnet_ids":[],"tags":{},"tags_all":{},"taint":[],"update_config":[]}},{"address":"aws_iam_role.cluster","mode":"managed","type":"aws_iam_role","name":"cluster","provider_name":"registry.terraform.io/hashicorp/aws","schema_version":0,"values":{"assume_role_policy":"{\"Statement\":[{\"Action\":\"sts:AssumeRole\",\"Effect\":\"Allow\",\"Principal\":{\"Service\":\"eks.amazonaws.com\"}}],\"Version\":\"2012-10-17\"}","description":null,"force_detach_policies":false,"max_session_duration":3600,"name":"TFEKSWorkshop-Cluster-Role","path":"/","permissions_boundary":null,"tags":null},"sensitive_values":{"inline_policy":[],"managed_policy_arns":[],"tags_all":{}}},{"address":"aws_iam_role.node","mode":"managed","type":"aws_iam_role","name":"node","provider_name":"registry.terraform.io/hashicorp/aws","schema_version":0,"values":{"assume_role_policy":"{\"Statement\":[{\"Action\":\"sts:AssumeRole\",\"Effect\":\"Allow\",\"Principal\":{\"Service\":\"ec2.amazonaws.com\"}}],\"Version\":\"2012-10-17\"}","description":null,"force_detach_policies":false,"max_session_duration":3600,"name":"TFEKSWorkshop-Worker-Role","path":"/","permissions_boundary":null,"tags":null},"sensitive_values":{"inline_policy":[],"managed_policy_arns":[],"tags_all":{}}},{"address":"aws_iam_role_policy_attachment.cluster_AmazonEKSClusterPolicy","mode":"managed","type":"aws_iam_role_policy_attachment","name":"cluster_AmazonEKSClusterPolicy","provider_name":"registry.terraform.io/hashicorp/aws","schema_version":0,"values":{"policy_arn":"arn:aws:iam::aws:policy/AmazonEKSClusterPolicy","role":"TFEKSWorkshop-Cluster-Role"},"sensitive_values":{}},{"address":"aws_iam_role_policy_attachment.node_AmazonEC2ContainerRegistryReadOnly","mode":"managed","type":"aws_iam_role_policy_attachment","name":"node_AmazonEC2ContainerRegistryReadOnly","provider_name":"registry.terraform.io/hashicorp/aws","schema_version":0,"values":{"policy_arn":"arn:aws:iam::aws:policy/AmazonEC2ContainerRegistryReadOnly","role":"TFEKSWorkshop-Worker-Role"},"sensitive_values":{}},{"address":"aws_iam_role_policy_attachment.node_AmazonEKSWorkerNodePolicy","mode":"managed","type":"aws_iam_role_policy_attachment","name":"node_AmazonEKSWorkerNodePolicy","provider_name":"registry.terraform.io/hashicorp/aws","schema_version":0,"values":{"policy_arn":"arn:aws:iam::aws:policy/AmazonEKSWorkerNodePolicy","role":"TFEKSWorkshop-Worker-Role"},"sensitive_values":{}},{"address":"aws_iam_role_policy_attachment.node_AmazonEKS_CNI_Policy","mode":"managed","type":"aws_iam_role_policy_attachment","name":"node_AmazonEKS_CNI_Policy","provider_name":"registry.terraform.io/hashicorp/aws","schema_version":0,"values":{"policy_arn":"arn:aws:iam::aws:policy/AmazonEKS_CNI_Policy","role":"TFEKSWorkshop-Worker-Role"},"sensitive_values":{}},{"address":"aws_internet_gateway.this","mode":"managed","type":"aws_internet_gateway","name":"this","provider_name":"registry.terraform.io/hashicorp/aws","schema_version":0,"values":{"tags":{"Name":"TFEKSWorkshop-igw"},"tags_all":{"Name":"TFEKSWorkshop-igw"},"timeouts":null},"sensitive_values":{"tags":{},"tags_all":{}}},{"address":"aws_nat_gateway.main","mode":"managed","type":"aws_nat_gateway","name":"main","provider_name":"registry.terraform.io/hashicorp/aws","schema_version":0,"values":{"connectivity_type":"public","tags":{"Name":"TFEKSWorkshop-ngw"},"tags_all":{"Name":"TFEKSWorkshop-ngw"}},"sensitive_values":{"tags":{},"tags_all":{}}},{"address":"aws_route.main","mode":"managed","type":"aws_route","name":"main","provider_name":"registry.terraform.io/hashicorp/aws","schema_version":0,"values":{"carrier_gateway_id":null,"core_network_arn":null,"destination_cidr_block":"0.0.0.0/0","destination_ipv6_cidr_block":null,"destination_prefix_list_id":null,"egress_only_gateway_id":null,"gateway_id":null,"local_gateway_id":null,"timeouts":null,"transit_gateway_id":null,"vpc_endpoint_id":null,"vpc_peering_connection_id":null},"sensitive_values":{}},{"address":"aws_route_table.main","mode":"managed","type":"aws_route_table","name":"main","provider_name":"registry.terraform.io/hashicorp/aws","schema_version":0,"values":{"route":[{"carrier_gateway_id":"","cidr_block":"0.0.0.0/0","core_network_arn":"","destination_prefix_list_id":"","egress_only_gateway_id":"","ipv6_cidr_block":"","local_gateway_id":"","nat_gateway_id":"","network_interface_id":"","transit_gateway_id":"","vpc_endpoint_id":"","vpc_peering_connection_id":""}],"tags":{"Name":"TFEKSWorkshop-Default-rt"},"tags_all":{"Name":"TFEKSWorkshop-Default-rt"},"timeouts":null},"sensitive_values":{"propagating_vgws":[],"route":[{}],"tags":{},"tags_all":{}}},{"address":"aws_route_table_association.internet_access[0]","mode":"managed","type":"aws_route_table_association","name":"internet_access","index":0,"provider_name":"registry.terraform.io/hashicorp/aws","schema_version":0,"values":{"gateway_id":null,"timeouts":null},"sensitive_values":{}},{"address":"aws_route_table_association.internet_access[1]","mode":"managed","type":"aws_route_table_association","name":"internet_access","index":1,"provider_name":"registry.terraform.io/hashicorp/aws","schema_version":0,"values":{"gateway_id":null,"timeouts":null},"sensitive_values":{}},{"address":"aws_security_group.control_plane_sg","mode":"managed","type":"aws_security_group","name":"control_plane_sg","provider_name":"registry.terraform.io/hashicorp/aws","schema_version":1,"values":{"description":"Managed by Terraform","name":"TFEKSWorkshop-ControlPlane-sg","revoke_rules_on_delete":false,"tags":{"Name":"TFEKSWorkshop-ControlPlane-sg"},"tags_all":{"Name":"TFEKSWorkshop-ControlPlane-sg"},"timeouts":null},"sensitive_values":{"egress":[],"ingress":[],"tags":{},"tags_all":{}}},{"address":"aws_security_group.data_plane_sg","mode":"managed","type":"aws_security_group","name":"data_plane_sg","provider_name":"registry.terraform.io/hashicorp/aws","schema_version":1,"values":{"description":"Managed by Terraform","name":"TFEKSWorkshop-Worker-sg","revoke_rules_on_delete":false,"tags":{"Name":"TFEKSWorkshop-Worker-sg"},"tags_all":{"Name":"TFEKSWorkshop-Worker-sg"},"timeouts":null},"sensitive_values":{"egress":[],"ingress":[],"tags":{},"tags_all":{}}},{"address":"aws_security_group.eks_cluster","mode":"managed","type":"aws_security_group","name":"eks_cluster","provider_name":"registry.terraform.io/hashicorp/aws","schema_version":1,"values":{"description":"Cluster communication with worker nodes","name":"TFEKSWorkshop-cluster-sg","revoke_rules_on_delete":false,"tags":{"Name":"TFEKSWorkshop-cluster-sg"},"tags_all":{"Name":"TFEKSWorkshop-cluster-sg"},"timeouts":null},"sensitive_values":{"egress":[],"ingress":[],"tags":{},"tags_all":{}}},{"address":"aws_security_group.eks_nodes","mode":"managed","type":"aws_security_group","name":"eks_nodes","provider_name":"registry.terraform.io/hashicorp/aws","schema_version":1,"values":{"description":"Security group for all nodes in the cluster","egress":[{"cidr_blocks":["0.0.0.0/0"],"description":"","from_port":0,"ipv6_cidr_blocks":[],"prefix_list_ids":[],"protocol":"-1","security_groups":[],"self":false,"to_port":0}],"name":"TFEKSWorkshop-node-sg","revoke_rules_on_delete":false,"tags":{"Name":"TFEKSWorkshop-node-sg","kubernetes.io/cluster/TFEKSWorkshop-cluster":"owned"},"tags_all":{"Name":"TFEKSWorkshop-node-sg","kubernetes.io/cluster/TFEKSWorkshop-cluster":"owned"},"timeouts":null},"sensitive_values":{"egress":[{"cidr_blocks":[false],"ipv6_cidr_blocks":[],"prefix_list_ids":[],"security_groups":[]}],"ingress":[],"tags":{},"tags_all":{}}},{"address":"aws_security_group.public_sg","mode":"managed","type":"aws_security_group","name":"public_sg","provider_name":"registry.terraform.io/hashicorp/aws","schema_version":1,"values":{"description":"Managed by Terraform","name":"TFEKSWorkshop-Public-sg","revoke_rules_on_delete":false,"tags":{"Name":"TFEKSWorkshop-Public-sg"},"tags_all":{"Name":"TFEKSWorkshop-Public-sg"},"timeouts":null},"sensitive_values":{"egress":[],"ingress":[],"tags":{},"tags_all":{}}},{"address":"aws_security_group_rule.cluster_inbound","mode":"managed","type":"aws_security_group_rule","name":"cluster_inbound","provider_name":"registry.terraform.io/hashicorp/aws","schema_version":2,"values":{"cidr_blocks":null,"description":"Allow worker nodes to communicate with the cluster API Server","from_port":443,"ipv6_cidr_blocks":null,"prefix_list_ids":null,"protocol":"tcp","self":false,"timeouts":null,"to_port":443,"type":"ingress"},"sensitive_values":{}},{"address":"aws_security_group_rule.cluster_outbound","mode":"managed","type":"aws_security_group_rule","name":"cluster_outbound","provider_name":"registry.terraform.io/hashicorp/aws","schema_version":2,"values":{"cidr_blocks":null,"description":"Allow cluster API Server to communicate with the worker nodes","from_port":1024,"ipv6_cidr_blocks":null,"prefix_list_ids":null,"protocol":"tcp","self":false,"timeouts":null,"to_port":65535,"type":"egress"},"sensitive_values":{}},{"address":"aws_security_group_rule.control_plane_inbound","mode":"managed","type":"aws_security_group_rule","name":"control_plane_inbound","provider_name":"registry.terraform.io/hashicorp/aws","schema_version":2,"values":{"cidr_blocks":["10.0.0.0/24","10.0.1.0/24","10.0.2.0/24","10.0.3.0/24"],"description":null,"from_port":0,"ipv6_cidr_blocks":null,"prefix_list_ids":null,"protocol":"tcp","self":false,"timeouts":null,"to_port":65535,"type":"ingress"},"sensitive_values":{"cidr_blocks":[false,false,false,false]}},{"address":"aws_security_group_rule.control_plane_outbound","mode":"managed","type":"aws_security_group_rule","name":"control_plane_outbound","provider_name":"registry.terraform.io/hashicorp/aws","schema_version":2,"values":{"cidr_blocks":["0.0.0.0/0"],"description":null,"from_port":0,"ipv6_cidr_blocks":null,"prefix_list_ids":null,"protocol":"-1","self":false,"timeouts":null,"to_port":65535,"type":"egress"},"sensitive_values":{"cidr_blocks":[false]}},{"address":"aws_security_group_rule.node_outbound","mode":"managed","type":"aws_security_group_rule","name":"node_outbound","provider_name":"registry.terraform.io/hashicorp/aws","schema_version":2,"values":{"cidr_blocks":["0.0.0.0/0"],"description":null,"from_port":0,"ipv6_cidr_blocks":null,"prefix_list_ids":null,"protocol":"-1","self":false,"timeouts":null,"to_port":0,"type":"egress"},"sensitive_values":{"cidr_blocks":[false]}},{"address":"aws_security_group_rule.nodes","mode":"managed","type":"aws_security_group_rule","name":"nodes","provider_name":"registry.terraform.io/hashicorp/aws","schema_version":2,"values":{"cidr_blocks":["10.0.0.0/24","10.0.1.0/24","10.0.2.0/24","10.0.3.0/24"],"description":"Allow nodes to communicate with each other","from_port":0,"ipv6_cidr_blocks":null,"prefix_list_ids":null,"protocol":"-1","self":false,"timeouts":null,"to_port":65535,"type":"ingress"},"sensitive_values":{"cidr_blocks":[false,false,false,false]}},{"address":"aws_security_group_rule.nodes_cluster_inbound","mode":"managed","type":"aws_security_group_rule","name":"nodes_cluster_inbound","provider_name":"registry.terraform.io/hashicorp/aws","schema_version":2,"values":{"cidr_blocks":null,"description":"Allow worker Kubelets and pods to receive communication from the cluster control plane","from_port":1025,"ipv6_cidr_blocks":null,"prefix_list_ids":null,"protocol":"tcp","self":false,"timeouts":null,"to_port":65535,"type":"ingress"},"sensitive_values":{}},{"address":"aws_security_group_rule.nodes_inbound","mode":"managed","type":"aws_security_group_rule","name":"nodes_inbound","provider_name":"registry.terraform.io/hashicorp/aws","schema_version":2,"values":{"cidr_blocks":["10.0.2.0/24","10.0.3.0/24"],"description":"Allow worker Kubelets and pods to receive communication from the cluster control plane","from_port":1025,"ipv6_cidr_blocks":null,"prefix_list_ids":null,"protocol":"tcp","self":false,"timeouts":null,"to_port":65535,"type":"ingress"},"sensitive_values":{"cidr_blocks":[false,false]}},{"address":"aws_security_group_rule.nodes_internal","mode":"managed","type":"aws_security_group_rule","name":"nodes_internal","provider_name":"registry.terraform.io/hashicorp/aws","schema_version":2,"values":{"cidr_blocks":null,"description":"Allow nodes to communicate with each other","from_port":0,"ipv6_cidr_blocks":null,"prefix_list_ids":null,"protocol":"-1","self":false,"timeouts":null,"to_port":65535,"type":"ingress"},"sensitive_values":{}},{"address":"aws_security_group_rule.sg_egress_public","mode":"managed","type":"aws_security_group_rule","name":"sg_egress_public","provider_name":"registry.terraform.io/hashicorp/aws","schema_version":2,"values":{"cidr_blocks":["0.0.0.0/0"],"description":null,"from_port":0,"ipv6_cidr_blocks":null,"prefix_list_ids":null,"protocol":"-1","self":false,"timeouts":null,"to_port":0,"type":"egress"},"sensitive_values":{"cidr_blocks":[false]}},{"address":"aws_security_group_rule.sg_ingress_public_443","mode":"managed","type":"aws_security_group_rule","name":"sg_ingress_public_443","provider_name":"registry.terraform.io/hashicorp/aws","schema_version":2,"values":{"cidr_blocks":["0.0.0.0/0"],"description":null,"from_port":443,"ipv6_cidr_blocks":null,"prefix_list_ids":null,"protocol":"tcp","self":false,"timeouts":null,"to_port":443,"type":"ingress"},"sensitive_values":{"cidr_blocks":[false]}},{"address":"aws_security_group_rule.sg_ingress_public_80","mode":"managed","type":"aws_security_group_rule","name":"sg_ingress_public_80","provider_name":"registry.terraform.io/hashicorp/aws","schema_version":2,"values":{"cidr_blocks":["0.0.0.0/0"],"description":null,"from_port":80,"ipv6_cidr_blocks":null,"prefix_list_ids":null,"protocol":"tcp","self":false,"timeouts":null,"to_port":80,"type":"ingress"},"sensitive_values":{"cidr_blocks":[false]}},{"address":"aws_subnet.private[0]","mode":"managed","type":"aws_subnet","name":"private","index":0,"provider_name":"registry.terraform.io/hashicorp/aws","schema_version":1,"values":{"assign_ipv6_address_on_creation":false,"availability_zone":"us-west-2a","cidr_block":"10.0.2.0/24","customer_owned_ipv4_pool":null,"enable_dns64":false,"enable_lni_at_device_index":null,"enable_resource_name_dns_a_record_on_launch":false,"enable_resource_name_dns_aaaa_record_on_launch":false,"ipv6_cidr_block":null,"ipv6_native":false,"map_customer_owned_ip_on_launch":null,"map_public_ip_on_launch":false,"outpost_arn":null,"tags":{"Name":"TFEKSWorkshop-private-sg","kubernetes.io/cluster/TFEKSWorkshop-cluster":"shared","kubernetes.io/role/internal-elb":"1"},"tags_all":{"Name":"TFEKSWorkshop-private-sg","kubernetes.io/cluster/TFEKSWorkshop-cluster":"shared","kubernetes.io/role/internal-elb":"1"},"timeouts":null},"sensitive_values":{"tags":{},"tags_all":{}}},{"address":"aws_subnet.private[1]","mode":"managed","type":"aws_subnet","name":"private","index":1,"provider_name":"registry.terraform.io/hashicorp/aws","schema_version":1,"values":{"assign_ipv6_address_on_creation":false,"availability_zone":"us-west-2b","cidr_block":"10.0.3.0/24","customer_owned_ipv4_pool":null,"enable_dns64":false,"enable_lni_at_device_index":null,"enable_resource_name_dns_a_record_on_launch":false,"enable_resource_name_dns_aaaa_record_on_launch":false,"ipv6_cidr_block":null,"ipv6_native":false,"map_customer_owned_ip_on_launch":null,"map_public_ip_on_launch":false,"outpost_arn":null,"tags":{"Name":"TFEKSWorkshop-private-sg","kubernetes.io/cluster/TFEKSWorkshop-cluster":"shared","kubernetes.io/role/internal-elb":"1"},"tags_all":{"Name":"TFEKSWorkshop-private-sg","kubernetes.io/cluster/TFEKSWorkshop-cluster":"shared","kubernetes.io/role/internal-elb":"1"},"timeouts":null},"sensitive_values":{"tags":{},"tags_all":{}}},{"address":"aws_subnet.public[0]","mode":"managed","type":"aws_subnet","name":"public","index":0,"provider_name":"registry.terraform.io/hashicorp/aws","schema_version":1,"values":{"assign_ipv6_address_on_creation":false,"availability_zone":"us-west-2a","cidr_block":"10.0.0.0/24","customer_owned_ipv4_pool":null,"enable_dns64":false,"enable_lni_at_device_index":null,"enable_resource_name_dns_a_record_on_launch":false,"enable_resource_name_dns_aaaa_record_on_launch":false,"ipv6_cidr_block":null,"ipv6_native":false,"map_customer_owned_ip_on_launch":null,"map_public_ip_on_launch":true,"outpost_arn":null,"tags":{"Name":"TFEKSWorkshop-public-sg","kubernetes.io/cluster/TFEKSWorkshop-cluster":"shared","kubernetes.io/role/elb":"1"},"tags_all":{"Name":"TFEKSWorkshop-public-sg","kubernetes.io/cluster/TFEKSWorkshop-cluster":"shared","kubernetes.io/role/elb":"1"},"timeouts":null},"sensitive_values":{"tags":{},"tags_all":{}}},{"address":"aws_subnet.public[1]","mode":"managed","type":"aws_subnet","name":"public","index":1,"provider_name":"registry.terraform.io/hashicorp/aws","schema_version":1,"values":{"assign_ipv6_address_on_creation":false,"availability_zone":"us-west-2b","cidr_block":"10.0.1.0/24","customer_owned_ipv4_pool":null,"enable_dns64":false,"enable_lni_at_device_index":null,"enable_resource_name_dns_a_record_on_launch":false,"enable_resource_name_dns_aaaa_record_on_launch":false,"ipv6_cidr_block":null,"ipv6_native":false,"map_customer_owned_ip_on_launch":null,"map_public_ip_on_launch":true,"outpost_arn":null,"tags":{"Name":"TFEKSWorkshop-public-sg","kubernetes.io/cluster/TFEKSWorkshop-cluster":"shared","kubernetes.io/role/elb":"1"},"tags_all":{"Name":"TFEKSWorkshop-public-sg","kubernetes.io/cluster/TFEKSWorkshop-cluster":"shared","kubernetes.io/role/elb":"1"},"timeouts":null},"sensitive_values":{"tags":{},"tags_all":{}}},{"address":"aws_vpc.this","mode":"managed","type":"aws_vpc","name":"this","provider_name":"registry.terraform.io/hashicorp/aws","schema_version":1,"values":{"assign_generated_ipv6_cidr_block":null,"cidr_block":"10.0.0.0/16","enable_dns_hostnames":true,"enable_dns_support":true,"instance_tenancy":"default","ipv4_ipam_pool_id":null,"ipv4_netmask_length":null,"ipv6_ipam_pool_id":null,"ipv6_netmask_length":null,"tags":{"Name":"TFEKSWorkshop-vpc","kubernetes.io/cluster/TFEKSWorkshop-cluster":"shared"},"tags_all":{"Name":"TFEKSWorkshop-vpc","kubernetes.io/cluster/TFEKSWorkshop-cluster":"shared"}},"sensitive_values":{"tags":{},"tags_all":{}}}]}},"resource_changes":[{"address":"aws_eip.main","mode":"managed","type":"aws_eip","name":"main","provider_name":"registry.terraform.io/hashicorp/aws","change":{"actions":["create"],"before":null,"after":{"address":null,"associate_with_private_ip":null,"customer_owned_ipv4_pool":null,"tags":{"Name":"TFEKSWorkshop-ngw-ip"},"tags_all":{"Name":"TFEKSWorkshop-ngw-ip"},"timeouts":null},"after_unknown":{"allocation_id":true,"association_id":true,"carrier_ip":true,"customer_owned_ip":true,"domain":true,"id":true,"instance":true,"network_border_group":true,"network_interface":true,"private_dns":true,"private_ip":true,"public_dns":true,"public_ip":true,"public_ipv4_pool":true,"tags":{},"tags_all":{},"vpc":true},"before_sensitive":false,"after_sensitive":{"tags":{},"tags_all":{}}}},{"address":"aws_eks_cluster.this","mode":"managed","type":"aws_eks_cluster","name":"this","provider_name":"registry.terraform.io/hashicorp/aws","change":{"actions":["create"],"before":null,"after":{"enabled_cluster_log_types":null,"encryption_config":[],"name":"TFEKSWorkshop-cluster","outpost_config":[],"tags":{"Environment":"Development","Owner":"Ayon Choudhury","Project":"TerraformEKSWorkshop"},"tags_all":{"Environment":"Development","Owner":"Ayon Choudhury","Project":"TerraformEKSWorkshop"},"timeouts":null,"version":"1.21","vpc_config":[{"endpoint_private_access":true,"endpoint_public_access":true,"public_access_cidrs":["0.0.0.0/0"],"security_group_ids":null}]},"after_unknown":{"arn":true,"certificate_authority":true,"cluster_id":true,"created_at":true,"encryption_config":[],"endpoint":true,"id":true,"identity":true,"kubernetes_network_config":true,"outpost_config":[],"platform_version":true,"role_arn":true,"status":true,"tags":{},"tags_all":{},"vpc_config":[{"cluster_security_group_id":true,"public_access_cidrs":[false],"subnet_ids":true,"vpc_id":true}]},"before_sensitive":false,"after_sensitive":{"certificate_authority":[],"encryption_config":[],"identity":[],"kubernetes_network_config":[],"outpost_config":[],"tags":{},"tags_all":{},"vpc_config":[{"public_access_cidrs":[false],"subnet_ids":[]}]}}},{"address":"aws_eks_node_group.this","mode":"managed","type":"aws_eks_node_group","name":"this","provider_name":"registry.terraform.io/hashicorp/aws","change":{"actions":["create"],"before":null,"after":{"ami_type":"AL2_x86_64","capacity_type":"ON_DEMAND","cluster_name":"TFEKSWorkshop-cluster","disk_size":20,"force_update_version":null,"instance_types":["t2.medium"],"labels":null,"launch_template":[],"node_group_name":"TFEKSWorkshop","remote_access":[],"scaling_config":[{"desired_size":2,"max_size":5,"min_size":1}],"tags":{"Environment":"Development","Owner":"Ayon Choudhury","Project":"TerraformEKSWorkshop"},"tags_all":{"Environment":"Development","Owner":"Ayon Choudhury","Project":"TerraformEKSWorkshop"},"taint":[],"timeouts":null},"after_unknown":{"arn":true,"id":true,"instance_types":[false],"launch_template":[],"node_group_name_prefix":true,"node_role_arn":true,"release_version":true,"remote_access":[],"resources":true,"scaling_config":[{}],"status":true,"subnet_ids":true,"tags":{},"tags_all":{},"taint":[],"update_config":true,"version":true},"before_sensitive":false,"after_sensitive":{"instance_types":[false],"launch_template":[],"remote_access":[],"resources":[],"scaling_config":[{}],"subnet_ids":[],"tags":{},"tags_all":{},"taint":[],"update_config":[]}}},{"address":"aws_iam_role.cluster","mode":"managed","type":"aws_iam_role","name":"cluster","provider_name":"registry.terraform.io/hashicorp/aws","change":{"actions":["create"],"before":null,"after":{"assume_role_policy":"{\"Statement\":[{\"Action\":\"sts:AssumeRole\",\"Effect\":\"Allow\",\"Principal\":{\"Service\":\"eks.amazonaws.com\"}}],\"Version\":\"2012-10-17\"}","description":null,"force_detach_policies":false,"max_session_duration":3600,"name":"TFEKSWorkshop-Cluster-Role","path":"/","permissions_boundary":null,"tags":null},"after_unknown":{"arn":true,"create_date":true,"id":true,"inline_policy":true,"managed_policy_arns":true,"name_prefix":true,"tags_all":true,"unique_id":true},"before_sensitive":false,"after_sensitive":{"inline_policy":[],"managed_policy_arns":[],"tags_all":{}}}},{"address":"aws_iam_role.node","mode":"managed","type":"aws_iam_role","name":"node","provider_name":"registry.terraform.io/hashicorp/aws","change":{"actions":["create"],"before":null,"after":{"assume_role_policy":"{\"Statement\":[{\"Action\":\"sts:AssumeRole\",\"Effect\":\"Allow\",\"Principal\":{\"Service\":\"ec2.amazonaws.com\"}}],\"Version\":\"2012-10-17\"}","description":null,"force_detach_policies":false,"max_session_duration":3600,"name":"TFEKSWorkshop-Worker-Role","path":"/","permissions_boundary":null,"tags":null},"after_unknown":{"arn":true,"create_date":true,"id":true,"inline_policy":true,"managed_policy_arns":true,"name_prefix":true,"tags_all":true,"unique_id":true},"before_sensitive":false,"after_sensitive":{"inline_policy":[],"managed_policy_arns":[],"tags_all":{}}}},{"address":"aws_iam_role_policy_attachment.cluster_AmazonEKSClusterPolicy","mode":"managed","type":"aws_iam_role_policy_attachment","name":"cluster_AmazonEKSClusterPolicy","provider_name":"registry.terraform.io/hashicorp/aws","change":{"actions":["create"],"before":null,"after":{"policy_arn":"arn:aws:iam::aws:policy/AmazonEKSClusterPolicy","role":"TFEKSWorkshop-Cluster-Role"},"after_unknown":{"id":true},"before_sensitive":false,"after_sensitive":{}}},{"address":"aws_iam_role_policy_attachment.node_AmazonEC2ContainerRegistryReadOnly","mode":"managed","type":"aws_iam_role_policy_attachment","name":"node_AmazonEC2ContainerRegistryReadOnly","provider_name":"registry.terraform.io/hashicorp/aws","change":{"actions":["create"],"before":null,"after":{"policy_arn":"arn:aws:iam::aws:policy/AmazonEC2ContainerRegistryReadOnly","role":"TFEKSWorkshop-Worker-Role"},"after_unknown":{"id":true},"before_sensitive":false,"after_sensitive":{}}},{"address":"aws_iam_role_policy_attachment.node_AmazonEKSWorkerNodePolicy","mode":"managed","type":"aws_iam_role_policy_attachment","name":"node_AmazonEKSWorkerNodePolicy","provider_name":"registry.terraform.io/hashicorp/aws","change":{"actions":["create"],"before":null,"after":{"policy_arn":"arn:aws:iam::aws:policy/AmazonEKSWorkerNodePolicy","role":"TFEKSWorkshop-Worker-Role"},"after_unknown":{"id":true},"before_sensitive":false,"after_sensitive":{}}},{"address":"aws_iam_role_policy_attachment.node_AmazonEKS_CNI_Policy","mode":"managed","type":"aws_iam_role_policy_attachment","name":"node_AmazonEKS_CNI_Policy","provider_name":"registry.terraform.io/hashicorp/aws","change":{"actions":["create"],"before":null,"after":{"policy_arn":"arn:aws:iam::aws:policy/AmazonEKS_CNI_Policy","role":"TFEKSWorkshop-Worker-Role"},"after_unknown":{"id":true},"before_sensitive":false,"after_sensitive":{}}},{"address":"aws_internet_gateway.this","mode":"managed","type":"aws_internet_gateway","name":"this","provider_name":"registry.terraform.io/hashicorp/aws","change":{"actions":["create"],"before":null,"after":{"tags":{"Name":"TFEKSWorkshop-igw"},"tags_all":{"Name":"TFEKSWorkshop-igw"},"timeouts":null},"after_unknown":{"arn":true,"id":true,"owner_id":true,"tags":{},"tags_all":{},"vpc_id":true},"before_sensitive":false,"after_sensitive":{"tags":{},"tags_all":{}}}},{"address":"aws_nat_gateway.main","mode":"managed","type":"aws_nat_gateway","name":"main","provider_name":"registry.terraform.io/hashicorp/aws","change":{"actions":["create"],"before":null,"after":{"connectivity_type":"public","tags":{"Name":"TFEKSWorkshop-ngw"},"tags_all":{"Name":"TFEKSWorkshop-ngw"}},"after_unknown":{"allocation_id":true,"association_id":true,"id":true,"network_interface_id":true,"private_ip":true,"public_ip":true,"subnet_id":true,"tags":{},"tags_all":{}},"before_sensitive":false,"after_sensitive":{"tags":{},"tags_all":{}}}},{"address":"aws_route.main","mode":"managed","type":"aws_route","name":"main","provider_name":"registry.terraform.io/hashicorp/aws","change":{"actions":["create"],"before":null,"after":{"carrier_gateway_id":null,"core_network_arn":null,"destination_cidr_block":"0.0.0.0/0","destination_ipv6_cidr_block":null,"destination_prefix_list_id":null,"egress_only_gateway_id":null,"gateway_id":null,"local_gateway_id":null,"timeouts":null,"transit_gateway_id":null,"vpc_endpoint_id":null,"vpc_peering_connection_id":null},"after_unknown":{"id":true,"instance_id":true,"instance_owner_id":true,"nat_gateway_id":true,"network_interface_id":true,"origin":true,"route_table_id":true,"state":true},"before_sensitive":false,"after_sensitive":{}}},{"address":"aws_route_table.main","mode":"managed","type":"aws_route_table","name":"main","provider_name":"registry.terraform.io/hashicorp/aws","change":{"actions":["create"],"before":null,"after":{"route":[{"carrier_gateway_id":"","cidr_block":"0.0.0.0/0","core_network_arn":"","destination_prefix_list_id":"","egress_only_gateway_id":"","ipv6_cidr_block":"","local_gateway_id":"","nat_gateway_id":"","network_interface_id":"","transit_gateway_id":"","vpc_endpoint_id":"","vpc_peering_connection_id":""}],"tags":{"Name":"TFEKSWorkshop-Default-rt"},"tags_all":{"Name":"TFEKSWorkshop-Default-rt"},"timeouts":null},"after_unknown":{"arn":true,"id":true,"owner_id":true,"propagating_vgws":true,"route":[{"gateway_id":true}],"tags":{},"tags_all":{},"vpc_id":true},"before_sensitive":false,"after_sensitive":{"propagating_vgws":[],"route":[{}],"tags":{},"tags_all":{}}}},{"address":"aws_route_table_association.internet_access[0]","mode":"managed","type":"aws_route_table_association","name":"internet_access","index":0,"provider_name":"registry.terraform.io/hashicorp/aws","change":{"actions":["create"],"before":null,"after":{"gateway_id":null,"timeouts":null},"after_unknown":{"id":true,"route_table_id":true,"subnet_id":true},"before_sensitive":false,"after_sensitive":{}}},{"address":"aws_route_table_association.internet_access[1]","mode":"managed","type":"aws_route_table_association","name":"internet_access","index":1,"provider_name":"registry.terraform.io/hashicorp/aws","change":{"actions":["create"],"before":null,"after":{"gateway_id":null,"timeouts":null},"after_unknown":{"id":true,"route_table_id":true,"subnet_id":true},"before_sensitive":false,"after_sensitive":{}}},{"address":"aws_security_group.control_plane_sg","mode":"managed","type":"aws_security_group","name":"control_plane_sg","provider_name":"registry.terraform.io/hashicorp/aws","change":{"actions":["create"],"before":null,"after":{"description":"Managed by Terraform","name":"TFEKSWorkshop-ControlPlane-sg","revoke_rules_on_delete":false,"tags":{"Name":"TFEKSWorkshop-ControlPlane-sg"},"tags_all":{"Name":"TFEKSWorkshop-ControlPlane-sg"},"timeouts":null},"after_unknown":{"arn":true,"egress":true,"id":true,"ingress":true,"name_prefix":true,"owner_id":true,"tags":{},"tags_all":{},"vpc_id":true},"before_sensitive":false,"after_sensitive":{"egress":[],"ingress":[],"tags":{},"tags_all":{}}}},{"address":"aws_security_group.data_plane_sg","mode":"managed","type":"aws_security_group","name":"data_plane_sg","provider_name":"registry.terraform.io/hashicorp/aws","change":{"actions":["create"],"before":null,"after":{"description":"Managed by Terraform","name":"TFEKSWorkshop-Worker-sg","revoke_rules_on_delete":false,"tags":{"Name":"TFEKSWorkshop-Worker-sg"},"tags_all":{"Name":"TFEKSWorkshop-Worker-sg"},"timeouts":null},"after_unknown":{"arn":true,"egress":true,"id":true,"ingress":true,"name_prefix":true,"owner_id":true,"tags":{},"tags_all":{},"vpc_id":true},"before_sensitive":false,"after_sensitive":{"egress":[],"ingress":[],"tags":{},"tags_all":{}}}},{"address":"aws_security_group.eks_cluster","mode":"managed","type":"aws_security_group","name":"eks_cluster","provider_name":"registry.terraform.io/hashicorp/aws","change":{"actions":["create"],"before":null,"after":{"description":"Cluster communication with worker nodes","name":"TFEKSWorkshop-cluster-sg","revoke_rules_on_delete":false,"tags":{"Name":"TFEKSWorkshop-cluster-sg"},"tags_all":{"Name":"TFEKSWorkshop-cluster-sg"},"timeouts":null},"after_unknown":{"arn":true,"egress":true,"id":true,"ingress":true,"name_prefix":true,"owner_id":true,"tags":{},"tags_all":{},"vpc_id":true},"before_sensitive":false,"after_sensitive":{"egress":[],"ingress":[],"tags":{},"tags_all":{}}}},{"address":"aws_security_group.eks_nodes","mode":"managed","type":"aws_security_group","name":"eks_nodes","provider_name":"registry.terraform.io/hashicorp/aws","change":{"actions":["create"],"before":null,"after":{"description":"Security group for all nodes in the cluster","egress":[{"cidr_blocks":["0.0.0.0/0"],"description":"","from_port":0,"ipv6_cidr_blocks":[],"prefix_list_ids":[],"protocol":"-1","security_groups":[],"self":false,"to_port":0}],"name":"TFEKSWorkshop-node-sg","revoke_rules_on_delete":false,"tags":{"Name":"TFEKSWorkshop-node-sg","kubernetes.io/cluster/TFEKSWorkshop-cluster":"owned"},"tags_all":{"Name":"TFEKSWorkshop-node-sg","kubernetes.io/cluster/TFEKSWorkshop-cluster":"owned"},"timeouts":null},"after_unknown":{"arn":true,"egress":[{"cidr_blocks":[false],"ipv6_cidr_blocks":[],"prefix_list_ids":[],"security_groups":[]}],"id":true,"ingress":true,"name_prefix":true,"owner_id":true,"tags":{},"tags_all":{},"vpc_id":true},"before_sensitive":false,"after_sensitive":{"egress":[{"cidr_blocks":[false],"ipv6_cidr_blocks":[],"prefix_list_ids":[],"security_groups":[]}],"ingress":[],"tags":{},"tags_all":{}}}},{"address":"aws_security_group.public_sg","mode":"managed","type":"aws_security_group","name":"public_sg","provider_name":"registry.terraform.io/hashicorp/aws","change":{"actions":["create"],"before":null,"after":{"description":"Managed by Terraform","name":"TFEKSWorkshop-Public-sg","revoke_rules_on_delete":false,"tags":{"Name":"TFEKSWorkshop-Public-sg"},"tags_all":{"Name":"TFEKSWorkshop-Public-sg"},"timeouts":null},"after_unknown":{"arn":true,"egress":true,"id":true,"ingress":true,"name_prefix":true,"owner_id":true,"tags":{},"tags_all":{},"vpc_id":true},"before_sensitive":false,"after_sensitive":{"egress":[],"ingress":[],"tags":{},"tags_all":{}}}},{"address":"aws_security_group_rule.cluster_inbound","mode":"managed","type":"aws_security_group_rule","name":"cluster_inbound","provider_name":"registry.terraform.io/hashicorp/aws","change":{"actions":["create"],"before":null,"after":{"cidr_blocks":null,"description":"Allow worker nodes to communicate with the cluster API Server","from_port":443,"ipv6_cidr_blocks":null,"prefix_list_ids":null,"protocol":"tcp","self":false,"timeouts":null,"to_port":443,"type":"ingress"},"after_unknown":{"id":true,"security_group_id":true,"security_group_rule_id":true,"source_security_group_id":true},"before_sensitive":false,"after_sensitive":{}}},{"address":"aws_security_group_rule.cluster_outbound","mode":"managed","type":"aws_security_group_rule","name":"cluster_outbound","provider_name":"registry.terraform.io/hashicorp/aws","change":{"actions":["create"],"before":null,"after":{"cidr_blocks":null,"description":"Allow cluster API Server to communicate with the worker nodes","from_port":1024,"ipv6_cidr_blocks":null,"prefix_list_ids":null,"protocol":"tcp","self":false,"timeouts":null,"to_port":65535,"type":"egress"},"after_unknown":{"id":true,"security_group_id":true,"security_group_rule_id":true,"source_security_group_id":true},"before_sensitive":false,"after_sensitive":{}}},{"address":"aws_security_group_rule.control_plane_inbound","mode":"managed","type":"aws_security_group_rule","name":"control_plane_inbound","provider_name":"registry.terraform.io/hashicorp/aws","change":{"actions":["create"],"before":null,"after":{"cidr_blocks":["10.0.0.0/24","10.0.1.0/24","10.0.2.0/24","10.0.3.0/24"],"description":null,"from_port":0,"ipv6_cidr_blocks":null,"prefix_list_ids":null,"protocol":"tcp","self":false,"timeouts":null,"to_port":65535,"type":"ingress"},"after_unknown":{"cidr_blocks":[false,false,false,false],"id":true,"security_group_id":true,"security_group_rule_id":true,"source_security_group_id":true},"before_sensitive":false,"after_sensitive":{"cidr_blocks":[false,false,false,false]}}},{"address":"aws_security_group_rule.control_plane_outbound","mode":"managed","type":"aws_security_group_rule","name":"control_plane_outbound","provider_name":"registry.terraform.io/hashicorp/aws","change":{"actions":["create"],"before":null,"after":{"cidr_blocks":["0.0.0.0/0"],"description":null,"from_port":0,"ipv6_cidr_blocks":null,"prefix_list_ids":null,"protocol":"-1","self":false,"timeouts":null,"to_port":65535,"type":"egress"},"after_unknown":{"cidr_blocks":[false],"id":true,"security_group_id":true,"security_group_rule_id":true,"source_security_group_id":true},"before_sensitive":false,"after_sensitive":{"cidr_blocks":[false]}}},{"address":"aws_security_group_rule.node_outbound","mode":"managed","type":"aws_security_group_rule","name":"node_outbound","provider_name":"registry.terraform.io/hashicorp/aws","change":{"actions":["create"],"before":null,"after":{"cidr_blocks":["0.0.0.0/0"],"description":null,"from_port":0,"ipv6_cidr_blocks":null,"prefix_list_ids":null,"protocol":"-1","self":false,"timeouts":null,"to_port":0,"type":"egress"},"after_unknown":{"cidr_blocks":[false],"id":true,"security_group_id":true,"security_group_rule_id":true,"source_security_group_id":true},"before_sensitive":false,"after_sensitive":{"cidr_blocks":[false]}}},{"address":"aws_security_group_rule.nodes","mode":"managed","type":"aws_security_group_rule","name":"nodes","provider_name":"registry.terraform.io/hashicorp/aws","change":{"actions":["create"],"before":null,"after":{"cidr_blocks":["10.0.0.0/24","10.0.1.0/24","10.0.2.0/24","10.0.3.0/24"],"description":"Allow nodes to communicate with each other","from_port":0,"ipv6_cidr_blocks":null,"prefix_list_ids":null,"protocol":"-1","self":false,"timeouts":null,"to_port":65535,"type":"ingress"},"after_unknown":{"cidr_blocks":[false,false,false,false],"id":true,"security_group_id":true,"security_group_rule_id":true,"source_security_group_id":true},"before_sensitive":false,"after_sensitive":{"cidr_blocks":[false,false,false,false]}}},{"address":"aws_security_group_rule.nodes_cluster_inbound","mode":"managed","type":"aws_security_group_rule","name":"nodes_cluster_inbound","provider_name":"registry.terraform.io/hashicorp/aws","change":{"actions":["create"],"before":null,"after":{"cidr_blocks":null,"description":"Allow worker Kubelets and pods to receive communication from the cluster control plane","from_port":1025,"ipv6_cidr_blocks":null,"prefix_list_ids":null,"protocol":"tcp","self":false,"timeouts":null,"to_port":65535,"type":"ingress"},"after_unknown":{"id":true,"security_group_id":true,"security_group_rule_id":true,"source_security_group_id":true},"before_sensitive":false,"after_sensitive":{}}},{"address":"aws_security_group_rule.nodes_inbound","mode":"managed","type":"aws_security_group_rule","name":"nodes_inbound","provider_name":"registry.terraform.io/hashicorp/aws","change":{"actions":["create"],"before":null,"after":{"cidr_blocks":["10.0.2.0/24","10.0.3.0/24"],"description":"Allow worker Kubelets and pods to receive communication from the cluster control plane","from_port":1025,"ipv6_cidr_blocks":null,"prefix_list_ids":null,"protocol":"tcp","self":false,"timeouts":null,"to_port":65535,"type":"ingress"},"after_unknown":{"cidr_blocks":[false,false],"id":true,"security_group_id":true,"security_group_rule_id":true,"source_security_group_id":true},"before_sensitive":false,"after_sensitive":{"cidr_blocks":[false,false]}}},{"address":"aws_security_group_rule.nodes_internal","mode":"managed","type":"aws_security_group_rule","name":"nodes_internal","provider_name":"registry.terraform.io/hashicorp/aws","change":{"actions":["create"],"before":null,"after":{"cidr_blocks":null,"description":"Allow nodes to communicate with each other","from_port":0,"ipv6_cidr_blocks":null,"prefix_list_ids":null,"protocol":"-1","self":false,"timeouts":null,"to_port":65535,"type":"ingress"},"after_unknown":{"id":true,"security_group_id":true,"security_group_rule_id":true,"source_security_group_id":true},"before_sensitive":false,"after_sensitive":{}}},{"address":"aws_security_group_rule.sg_egress_public","mode":"managed","type":"aws_security_group_rule","name":"sg_egress_public","provider_name":"registry.terraform.io/hashicorp/aws","change":{"actions":["create"],"before":null,"after":{"cidr_blocks":["0.0.0.0/0"],"description":null,"from_port":0,"ipv6_cidr_blocks":null,"prefix_list_ids":null,"protocol":"-1","self":false,"timeouts":null,"to_port":0,"type":"egress"},"after_unknown":{"cidr_blocks":[false],"id":true,"security_group_id":true,"security_group_rule_id":true,"source_security_group_id":true},"before_sensitive":false,"after_sensitive":{"cidr_blocks":[false]}}},{"address":"aws_security_group_rule.sg_ingress_public_443","mode":"managed","type":"aws_security_group_rule","name":"sg_ingress_public_443","provider_name":"registry.terraform.io/hashicorp/aws","change":{"actions":["create"],"before":null,"after":{"cidr_blocks":["0.0.0.0/0"],"description":null,"from_port":443,"ipv6_cidr_blocks":null,"prefix_list_ids":null,"protocol":"tcp","self":false,"timeouts":null,"to_port":443,"type":"ingress"},"after_unknown":{"cidr_blocks":[false],"id":true,"security_group_id":true,"security_group_rule_id":true,"source_security_group_id":true},"before_sensitive":false,"after_sensitive":{"cidr_blocks":[false]}}},{"address":"aws_security_group_rule.sg_ingress_public_80","mode":"managed","type":"aws_security_group_rule","name":"sg_ingress_public_80","provider_name":"registry.terraform.io/hashicorp/aws","change":{"actions":["create"],"before":null,"after":{"cidr_blocks":["0.0.0.0/0"],"description":null,"from_port":80,"ipv6_cidr_blocks":null,"prefix_list_ids":null,"protocol":"tcp","self":false,"timeouts":null,"to_port":80,"type":"ingress"},"after_unknown":{"cidr_blocks":[false],"id":true,"security_group_id":true,"security_group_rule_id":true,"source_security_group_id":true},"before_sensitive":false,"after_sensitive":{"cidr_blocks":[false]}}},{"address":"aws_subnet.private[0]","mode":"managed","type":"aws_subnet","name":"private","index":0,"provider_name":"registry.terraform.io/hashicorp/aws","change":{"actions":["create"],"before":null,"after":{"assign_ipv6_address_on_creation":false,"availability_zone":"us-west-2a","cidr_block":"10.0.2.0/24","customer_owned_ipv4_pool":null,"enable_dns64":false,"enable_lni_at_device_index":null,"enable_resource_name_dns_a_record_on_launch":false,"enable_resource_name_dns_aaaa_record_on_launch":false,"ipv6_cidr_block":null,"ipv6_native":false,"map_customer_owned_ip_on_launch":null,"map_public_ip_on_launch":false,"outpost_arn":null,"tags":{"Name":"TFEKSWorkshop-private-sg","kubernetes.io/cluster/TFEKSWorkshop-cluster":"shared","kubernetes.io/role/internal-elb":"1"},"tags_all":{"Name":"TFEKSWorkshop-private-sg","kubernetes.io/cluster/TFEKSWorkshop-cluster":"shared","kubernetes.io/role/internal-elb":"1"},"timeouts":null},"after_unknown":{"arn":true,"availability_zone_id":true,"id":true,"ipv6_cidr_block_association_id":true,"owner_id":true,"private_dns_hostname_type_on_launch":true,"tags":{},"tags_all":{},"vpc_id":true},"before_sensitive":false,"after_sensitive":{"tags":{},"tags_all":{}}}},{"address":"aws_subnet.private[1]","mode":"managed","type":"aws_subnet","name":"private","index":1,"provider_name":"registry.terraform.io/hashicorp/aws","change":{"actions":["create"],"before":null,"after":{"assign_ipv6_address_on_creation":false,"availability_zone":"us-west-2b","cidr_block":"10.0.3.0/24","customer_owned_ipv4_pool":null,"enable_dns64":false,"enable_lni_at_device_index":null,"enable_resource_name_dns_a_record_on_launch":false,"enable_resource_name_dns_aaaa_record_on_launch":false,"ipv6_cidr_block":null,"ipv6_native":false,"map_customer_owned_ip_on_launch":null,"map_public_ip_on_launch":false,"outpost_arn":null,"tags":{"Name":"TFEKSWorkshop-private-sg","kubernetes.io/cluster/TFEKSWorkshop-cluster":"shared","kubernetes.io/role/internal-elb":"1"},"tags_all":{"Name":"TFEKSWorkshop-private-sg","kubernetes.io/cluster/TFEKSWorkshop-cluster":"shared","kubernetes.io/role/internal-elb":"1"},"timeouts":null},"after_unknown":{"arn":true,"availability_zone_id":true,"id":true,"ipv6_cidr_block_association_id":true,"owner_id":true,"private_dns_hostname_type_on_launch":true,"tags":{},"tags_all":{},"vpc_id":true},"before_sensitive":false,"after_sensitive":{"tags":{},"tags_all":{}}}},{"address":"aws_subnet.public[0]","mode":"managed","type":"aws_subnet","name":"public","index":0,"provider_name":"registry.terraform.io/hashicorp/aws","change":{"actions":["create"],"before":null,"after":{"assign_ipv6_address_on_creation":false,"availability_zone":"us-west-2a","cidr_block":"10.0.0.0/24","customer_owned_ipv4_pool":null,"enable_dns64":false,"enable_lni_at_device_index":null,"enable_resource_name_dns_a_record_on_launch":false,"enable_resource_name_dns_aaaa_record_on_launch":false,"ipv6_cidr_block":null,"ipv6_native":false,"map_customer_owned_ip_on_launch":null,"map_public_ip_on_launch":true,"outpost_arn":null,"tags":{"Name":"TFEKSWorkshop-public-sg","kubernetes.io/cluster/TFEKSWorkshop-cluster":"shared","kubernetes.io/role/elb":"1"},"tags_all":{"Name":"TFEKSWorkshop-public-sg","kubernetes.io/cluster/TFEKSWorkshop-cluster":"shared","kubernetes.io/role/elb":"1"},"timeouts":null},"after_unknown":{"arn":true,"availability_zone_id":true,"id":true,"ipv6_cidr_block_association_id":true,"owner_id":true,"private_dns_hostname_type_on_launch":true,"tags":{},"tags_all":{},"vpc_id":true},"before_sensitive":false,"after_sensitive":{"tags":{},"tags_all":{}}}},{"address":"aws_subnet.public[1]","mode":"managed","type":"aws_subnet","name":"public","index":1,"provider_name":"registry.terraform.io/hashicorp/aws","change":{"actions":["create"],"before":null,"after":{"assign_ipv6_address_on_creation":false,"availability_zone":"us-west-2b","cidr_block":"10.0.1.0/24","customer_owned_ipv4_pool":null,"enable_dns64":false,"enable_lni_at_device_index":null,"enable_resource_name_dns_a_record_on_launch":false,"enable_resource_name_dns_aaaa_record_on_launch":false,"ipv6_cidr_block":null,"ipv6_native":false,"map_customer_owned_ip_on_launch":null,"map_public_ip_on_launch":true,"outpost_arn":null,"tags":{"Name":"TFEKSWorkshop-public-sg","kubernetes.io/cluster/TFEKSWorkshop-cluster":"shared","kubernetes.io/role/elb":"1"},"tags_all":{"Name":"TFEKSWorkshop-public-sg","kubernetes.io/cluster/TFEKSWorkshop-cluster":"shared","kubernetes.io/role/elb":"1"},"timeouts":null},"after_unknown":{"arn":true,"availability_zone_id":true,"id":true,"ipv6_cidr_block_association_id":true,"owner_id":true,"private_dns_hostname_type_on_launch":true,"tags":{},"tags_all":{},"vpc_id":true},"before_sensitive":false,"after_sensitive":{"tags":{},"tags_all":{}}}},{"address":"aws_vpc.this","mode":"managed","type":"aws_vpc","name":"this","provider_name":"registry.terraform.io/hashicorp/aws","change":{"actions":["create"],"before":null,"after":{"assign_generated_ipv6_cidr_block":null,"cidr_block":"10.0.0.0/16","enable_dns_hostnames":true,"enable_dns_support":true,"instance_tenancy":"default","ipv4_ipam_pool_id":null,"ipv4_netmask_length":null,"ipv6_ipam_pool_id":null,"ipv6_netmask_length":null,"tags":{"Name":"TFEKSWorkshop-vpc","kubernetes.io/cluster/TFEKSWorkshop-cluster":"shared"},"tags_all":{"Name":"TFEKSWorkshop-vpc","kubernetes.io/cluster/TFEKSWorkshop-cluster":"shared"}},"after_unknown":{"arn":true,"default_network_acl_id":true,"default_route_table_id":true,"default_security_group_id":true,"dhcp_options_id":true,"enable_network_address_usage_metrics":true,"id":true,"ipv6_association_id":true,"ipv6_cidr_block":true,"ipv6_cidr_block_network_border_group":true,"main_route_table_id":true,"owner_id":true,"tags":{},"tags_all":{}},"before_sensitive":false,"after_sensitive":{"tags":{},"tags_all":{}}}}],"output_changes":{"cluster_ca_certificate":{"actions":["create"],"before":null,"after_unknown":true,"before_sensitive":false,"after_sensitive":false},"cluster_endpoint":{"actions":["create"],"before":null,"after_unknown":true,"before_sensitive":false,"after_sensitive":false},"cluster_name":{"actions":["create"],"before":null,"after":"TFEKSWorkshop-cluster","after_unknown":false,"before_sensitive":false,"after_sensitive":false}},"prior_state":{"format_version":"1.0","terraform_version":"1.5.0","values":{"outputs":{"cluster_name":{"sensitive":false,"value":"TFEKSWorkshop-cluster","type":"string"}},"root_module":{"resources":[{"address":"data.aws_availability_zones.available","mode":"data","type":"aws_availability_zones","name":"available","provider_name":"registry.terraform.io/hashicorp/aws","schema_version":0,"values":{"all_availability_zones":null,"exclude_names":null,"exclude_zone_ids":null,"filter":null,"group_names":["us-west-2"],"id":"us-west-2","names":["us-west-2a","us-west-2b","us-west-2c","us-west-2d"],"state":"available","timeouts":null,"zone_ids":["usw2-az2","usw2-az1","usw2-az3","usw2-az4"]},"sensitive_values":{"group_names":[false],"names":[false,false,false,false],"zone_ids":[false,false,false,false]}}]}}},"configuration":{"provider_config":{"aws":{"name":"aws","full_name":"registry.terraform.io/hashicorp/aws","expressions":{"access_key":{"references":["var.aws_access_key"]},"region":{"references":["var.region"]},"secret_key":{"references":["var.aws_secret_key"]}}}},"root_module":{"outputs":{"cluster_ca_certificate":{"expression":{"references":["aws_eks_cluster.this.certificate_authority[0].data","aws_eks_cluster.this.certificate_authority[0]","aws_eks_cluster.this.certificate_authority","aws_eks_cluster.this"]}},"cluster_endpoint":{"expression":{"references":["aws_eks_cluster.this.endpoint","aws_eks_cluster.this"]}},"cluster_name":{"expression":{"references":["aws_eks_cluster.this.name","aws_eks_cluster.this"]}}},"resources":[{"address":"aws_eip.main","mode":"managed","type":"aws_eip","name":"main","provider_config_key":"aws","expressions":{"tags":{"references":["var.project"]}},"schema_version":0},{"address":"aws_eks_cluster.this","mode":"managed","type":"aws_eks_cluster","name":"this","provider_config_key":"aws","expressions":{"name":{"references":["var.project"]},"role_arn":{"references":["aws_iam_role.cluster.arn","aws_iam_role.cluster"]},"tags":{"references":["var.tags"]},"version":{"constant_value":"1.21"},"vpc_config":[{"endpoint_private_access":{"constant_value":true},"endpoint_public_access":{"constant_value":true},"public_access_cidrs":{"constant_value":["0.0.0.0/0"]},"subnet_ids":{"references":["aws_subnet.public","aws_subnet.private"]}}]},"schema_version":0,"depends_on":["aws_iam_role_policy_attachment.cluster_AmazonEKSClusterPolicy"]},{"address":"aws_eks_node_group.this","mode":"managed","type":"aws_eks_node_group","name":"this","provider_config_key":"aws","expressions":{"ami_type":{"constant_value":"AL2_x86_64"},"capacity_type":{"constant_value":"ON_DEMAND"},"cluster_name":{"references":["aws_eks_cluster.this.name","aws_eks_cluster.this"]},"disk_size":{"constant_value":20},"instance_types":{"constant_value":["t2.medium"]},"node_group_name":{"references":["var.project"]},"node_role_arn":{"references":["aws_iam_role.node.arn","aws_iam_role.node"]},"scaling_config":[{"desired_size":{"constant_value":2},"max_size":{"constant_value":5},"min_size":{"constant_value":1}}],"subnet_ids":{"references":["aws_subnet.private"]},"tags":{"references":["var.tags"]}},"schema_version":0,"depends_on":["aws_iam_role_policy_attachment.node_AmazonEKSWorkerNodePolicy","aws_iam_role_policy_attachment.node_AmazonEKS_CNI_Policy","aws_iam_role_policy_attachment.node_AmazonEC2ContainerRegistryReadOnly"]},{"address":"aws_iam_role.cluster","mode":"managed","type":"aws_iam_role","name":"cluster","provider_config_key":"aws","expressions":{"assume_role_policy":{"constant_value":"{\n  \"Version\": \"2012-10-17\",\n  \"Statement\": [\n    {\n      \"Effect\": \"Allow\",\n      \"Principal\": {\n        \"Service\": \"eks.amazonaws.com\"\n      },\n      \"Action\": \"sts:AssumeRole\"\n    }\n  ]\n}\n"},"name":{"references":["var.project"]}},"schema_version":0},{"address":"aws_iam_role.node","mode":"managed","type":"aws_iam_role","name":"node","provider_config_key":"aws","expressions":{"assume_role_policy":{"constant_value":"{\n  \"Version\": \"2012-10-17\",\n  \"Statement\": [\n    {\n      \"Effect\": \"Allow\",\n      \"Principal\": {\n        \"Service\": \"ec2.amazonaws.com\"\n      },\n      \"Action\": \"sts:AssumeRole\"\n    }\n  ]\n}\n"},"name":{"references":["var.project"]}},"schema_version":0},{"address":"aws_iam_role_policy_attachment.cluster_AmazonEKSClusterPolicy","mode":"managed","type":"aws_iam_role_policy_attachment","name":"cluster_AmazonEKSClusterPolicy","provider_config_key":"aws","expressions":{"policy_arn":{"constant_value":"arn:aws:iam::aws:policy/AmazonEKSClusterPolicy"},"role":{"references":["aws_iam_role.cluster.name","aws_iam_role.cluster"]}},"schema_version":0},{"address":"aws_iam_role_policy_attachment.node_AmazonEC2ContainerRegistryReadOnly","mode":"managed","type":"aws_iam_role_policy_attachment","name":"node_AmazonEC2ContainerRegistryReadOnly","provider_config_key":"aws","expressions":{"policy_arn":{"constant_value":"arn:aws:iam::aws:policy/AmazonEC2ContainerRegistryReadOnly"},"role":{"references":["aws_iam_role.node.name","aws_iam_role.node"]}},"schema_version":0},{"address":"aws_iam_role_policy_attachment.node_AmazonEKSWorkerNodePolicy","mode":"managed","type":"aws_iam_role_policy_attachment","name":"node_AmazonEKSWorkerNodePolicy","provider_config_key":"aws","expressions":{"policy_arn":{"constant_value":"arn:aws:iam::aws:policy/AmazonEKSWorkerNodePolicy"},"role":{"references":["aws_iam_role.node.name","aws_iam_role.node"]}},"schema_version":0},{"address":"aws_iam_role_policy_attachment.node_AmazonEKS_CNI_Policy","mode":"managed","type":"aws_iam_role_policy_attachment","name":"node_AmazonEKS_CNI_Policy","provider_config_key":"aws","expressions":{"policy_arn":{"constant_value":"arn:aws:iam::aws:policy/AmazonEKS_CNI_Policy"},"role":{"references":["aws_iam_role.node.name","aws_iam_role.node"]}},"schema_version":0},{"address":"aws_internet_gateway.this","mode":"managed","type":"aws_internet_gateway","name":"this","provider_config_key":"aws","expressions":{"tags":{"references":["var.project"]},"vpc_id":{"references":["aws_vpc.this.id","aws_vpc.this"]}},"schema_version":0,"depends_on":["aws_vpc.this"]},{"address":"aws_nat_gateway.main","mode":"managed","type":"aws_nat_gateway","name":"main","provider_config_key":"aws","expressions":{"allocation_id":{"references":["aws_eip.main.id","aws_eip.main"]},"subnet_id":{"references":["aws_subnet.public[0].id","aws_subnet.public[0]","aws_subnet.public"]},"tags":{"references":["var.project"]}},"schema_version":0},{"address":"aws_route.main","mode":"managed","type":"aws_route","name":"main","provider_config_key":"aws","expressions":{"destination_cidr_block":{"constant_value":"0.0.0.0/0"},"nat_gateway_id":{"references":["aws_nat_gateway.main.id","aws_nat_gateway.main"]},"route_table_id":{"references":["aws_vpc.this.default_route_table_id","aws_vpc.this"]}},"schema_version":0},{"address":"aws_route_table.main","mode":"managed","type":"aws_route_table","name":"main","provider_config_key":"aws","expressions":{"route":{"references":["aws_internet_gateway.this.id","aws_internet_gateway.this"]},"tags":{"references":["var.project"]},"vpc_id":{"references":["aws_vpc.this.id","aws_vpc.this"]}},"schema_version":0},{"address":"aws_route_table_association.internet_access","mode":"managed","type":"aws_route_table_association","name":"internet_access","provider_config_key":"aws","expressions":{"route_table_id":{"references":["aws_route_table.main.id","aws_route_table.main"]},"subnet_id":{"references":["aws_subnet.public","count.index"]}},"schema_version":0,"count_expression":{"references":["var.availability_zones_count"]}},{"address":"aws_security_group.control_plane_sg","mode":"managed","type":"aws_security_group","name":"control_plane_sg","provider_config_key":"aws","expressions":{"name":{"references":["var.project"]},"tags":{"references":["var.project"]},"vpc_id":{"references":["aws_vpc.this.id","aws_vpc.this"]}},"schema_version":1},{"address":"aws_security_group.data_plane_sg","mode":"managed","type":"aws_security_group","name":"data_plane_sg","provider_config_key":"aws","expressions":{"name":{"references":["var.project"]},"tags":{"references":["var.project"]},"vpc_id":{"references":["aws_vpc.this.id","aws_vpc.this"]}},"schema_version":1},{"address":"aws_security_group.eks_cluster","mode":"managed","type":"aws_security_group","name":"eks_cluster","provider_config_key":"aws","expressions":{"description":{"constant_value":"Cluster communication with worker nodes"},"name":{"references":["var.project"]},"tags":{"references":["var.project"]},"vpc_id":{"references":["aws_vpc.this.id","aws_vpc.this"]}},"schema_version":1},{"address":"aws_security_group.eks_nodes","mode":"managed","type":"aws_security_group","name":"eks_nodes","provider_config_key":"aws","expressions":{"description":{"constant_value":"Security group for all nodes in the cluster"},"egress":{"constant_value":[{"cidr_blocks":["0.0.0.0/0"],"description":null,"from_port":0,"ipv6_cidr_blocks":null,"prefix_list_ids":null,"protocol":"-1","security_groups":null,"self":null,"to_port":0}]},"name":{"references":["var.project"]},"tags":{"references":["var.project","var.project"]},"vpc_id":{"references":["aws_vpc.this.id","aws_vpc.this"]}},"schema_version":1},{"address":"aws_security_group.public_sg","mode":"managed","type":"aws_security_group","name":"public_sg","provider_config_key":"aws","expressions":{"name":{"references":["var.project"]},"tags":{"references":["var.project"]},"vpc_id":{"references":["aws_vpc.this.id","aws_vpc.this"]}},"schema_version":1},{"address":"aws_security_group_rule.cluster_inbound","mode":"managed","type":"aws_security_group_rule","name":"cluster_inbound","provider_config_key":"aws","expressions":{"description":{"constant_value":"Allow worker nodes to communicate with the cluster API Server"},"from_port":{"constant_value":443},"protocol":{"constant_value":"tcp"},"security_group_id":{"references":["aws_security_group.eks_cluster.id","aws_security_group.eks_cluster"]},"source_security_group_id":{"references":["aws_security_group.eks_nodes.id","aws_security_group.eks_nodes"]},"to_port":{"constant_value":443},"type":{"constant_value":"ingress"}},"schema_version":2},{"address":"aws_security_group_rule.cluster_outbound","mode":"managed","type":"aws_security_group_rule","name":"cluster_outbound","provider_config_key":"aws","expressions":{"description":{"constant_value":"Allow cluster API Server to communicate with the worker nodes"},"from_port":{"constant_value":1024},"protocol":{"constant_value":"tcp"},"security_group_id":{"references":["aws_security_group.eks_cluster.id","aws_security_group.eks_cluster"]},"source_security_group_id":{"references":["aws_security_group.eks_nodes.id","aws_security_group.eks_nodes"]},"to_port":{"constant_value":65535},"type":{"constant_value":"egress"}},"schema_version":2},{"address":"aws_security_group_rule.control_plane_inbound","mode":"managed","type":"aws_security_group_rule","name":"control_plane_inbound","provider_config_key":"aws","expressions":{"cidr_blocks":{"references":["var.vpc_cidr","var.subnet_cidr_bits","var.vpc_cidr","var.subnet_cidr_bits","var.vpc_cidr","var.subnet_cidr_bits","var.vpc_cidr","var.subnet_cidr_bits"]},"from_port":{"constant_value":0},"protocol":{"constant_value":"tcp"},"security_group_id":{"references":["aws_security_group.control_plane_sg.id","aws_security_group.control_plane_sg"]},"to_port":{"constant_value":65535},"type":{"constant_value":"ingress"}},"schema_version":2},{"address":"aws_security_group_rule.control_plane_outbound","mode":"managed","type":"aws_security_group_rule","name":"control_plane_outbound","provider_config_key":"aws","expressions":{"cidr_blocks":{"constant_value":["0.0.0.0/0"]},"from_port":{"constant_value":0},"protocol":{"constant_value":"-1"},"security_group_id":{"references":["aws_security_group.control_plane_sg.id","aws_security_group.control_plane_sg"]},"to_port":{"constant_value":65535},"type":{"constant_value":"egress"}},"schema_version":2},{"address":"aws_security_group_rule.node_outbound","mode":"managed","type":"aws_security_group_rule","name":"node_outbound","provider_config_key":"aws","expressions":{"cidr_blocks":{"constant_value":["0.0.0.0/0"]},"from_port":{"constant_value":0},"protocol":{"constant_value":"-1"},"security_group_id":{"references":["aws_security_group.data_plane_sg.id","aws_security_group.data_plane_sg"]},"to_port":{"constant_value":0},"type":{"constant_value":"egress"}},"schema_version":2},{"address":"aws_security_group_rule.nodes","mode":"managed","type":"aws_security_group_rule","name":"nodes","provider_config_key":"aws","expressions":{"cidr_blocks":{"references":["var.vpc_cidr","var.subnet_cidr_bits","var.vpc_cidr","var.subnet_cidr_bits","var.vpc_cidr","var.subnet_cidr_bits","var.vpc_cidr","var.subnet_cidr_bits"]},"description":{"constant_value":"Allow nodes to communicate with each other"},"from_port":{"constant_value":0},"protocol":{"constant_value":"-1"},"security_group_id":{"references":["aws_security_group.data_plane_sg.id","aws_security_group.data_plane_sg"]},"to_port":{"constant_value":65535},"type":{"constant_value":"ingress"}},"schema_version":2},{"address":"aws_security_group_rule.nodes_cluster_inbound","mode":"managed","type":"aws_security_group_rule","name":"nodes_cluster_inbound","provider_config_key":"aws","expressions":{"description":{"constant_value":"Allow worker Kubelets and pods to receive communication from the cluster control plane"},"from_port":{"constant_value":1025},"protocol":{"constant_value":"tcp"},"security_group_id":{"references":["aws_security_group.eks_nodes.id","aws_security_group.eks_nodes"]},"source_security_group_id":{"references":["aws_security_group.eks_cluster.id","aws_security_group.eks_cluster"]},"to_port":{"constant_value":65535},"type":{"constant_value":"ingress"}},"schema_version":2},{"address":"aws_security_group_rule.nodes_inbound","mode":"managed","type":"aws_security_group_rule","name":"nodes_inbound","provider_config_key":"aws","expressions":{"cidr_blocks":{"references":["var.vpc_cidr","var.subnet_cidr_bits","var.vpc_cidr","var.subnet_cidr_bits"]},"description":{"constant_value":"Allow worker Kubelets and pods to receive communication from the cluster control plane"},"from_port":{"constant_value":1025},"protocol":{"constant_value":"tcp"},"security_group_id":{"references":["aws_security_group.data_plane_sg.id","aws_security_group.data_plane_sg"]},"to_port":{"constant_value":65535},"type":{"constant_value":"ingress"}},"schema_version":2},{"address":"aws_security_group_rule.nodes_internal","mode":"managed","type":"aws_security_group_rule","name":"nodes_internal","provider_config_key":"aws","expressions":{"description":{"constant_value":"Allow nodes to communicate with each other"},"from_port":{"constant_value":0},"protocol":{"constant_value":"-1"},"security_group_id":{"references":["aws_security_group.eks_nodes.id","aws_security_group.eks_nodes"]},"source_security_group_id":{"references":["aws_security_group.eks_nodes.id","aws_security_group.eks_nodes"]},"to_port":{"constant_value":65535},"type":{"constant_value":"ingress"}},"schema_version":2},{"address":"aws_security_group_rule.sg_egress_public","mode":"managed","type":"aws_security_group_rule","name":"sg_egress_public","provider_config_key":"aws","expressions":{"cidr_blocks":{"constant_value":["0.0.0.0/0"]},"from_port":{"constant_value":0},"protocol":{"constant_value":"-1"},"security_group_id":{"references":["aws_security_group.public_sg.id","aws_security_group.public_sg"]},"to_port":{"constant_value":0},"type":{"constant_value":"egress"}},"schema_version":2},{"address":"aws_security_group_rule.sg_ingress_public_443","mode":"managed","type":"aws_security_group_rule","name":"sg_ingress_public_443","provider_config_key":"aws","expressions":{"cidr_blocks":{"constant_value":["0.0.0.0/0"]},"from_port":{"constant_value":443},"protocol":{"constant_value":"tcp"},"security_group_id":{"references":["aws_security_group.public_sg.id","aws_security_group.public_sg"]},"to_port":{"constant_value":443},"type":{"constant_value":"ingress"}},"schema_version":2},{"address":"aws_security_group_rule.sg_ingress_public_80","mode":"managed","type":"aws_security_group_rule","name":"sg_ingress_public_80","provider_config_key":"aws","expressions":{"cidr_blocks":{"constant_value":["0.0.0.0/0"]},"from_port":{"constant_value":80},"protocol":{"constant_value":"tcp"},"security_group_id":{"references":["aws_security_group.public_sg.id","aws_security_group.public_sg"]},"to_port":{"constant_value":80},"type":{"constant_value":"ingress"}},"schema_version":2},{"address":"aws_subnet.private","mode":"managed","type":"aws_subnet","name":"private","provider_config_key":"aws","expressions":{"availability_zone":{"references":["data.aws_availability_zones.available.names","data.aws_availability_zones.available","count.index"]},"cidr_block":{"references":["var.vpc_cidr","var.subnet_cidr_bits","count.index","var.availability_zones_count"]},"tags":{"references":["var.project","var.project"]},"vpc_id":{"references":["aws_vpc.this.id","aws_vpc.this"]}},"schema_version":1,"count_expression":{"references":["var.availability_zones_count"]}},{"address":"aws_subnet.public","mode":"managed","type":"aws_subnet","name":"public","provider_config_key":"aws","expressions":{"availability_zone":{"references":["data.aws_availability_zones.available.names","data.aws_availability_zones.available","count.index"]},"cidr_block":{"references":["var.vpc_cidr","var.subnet_cidr_bits","count.index"]},"map_public_ip_on_launch":{"constant_value":true},"tags":{"references":["var.project","var.project"]},"vpc_id":{"references":["aws_vpc.this.id","aws_vpc.this"]}},"schema_version":1,"count_expression":{"references":["var.availability_zones_count"]}},{"address":"aws_vpc.this","mode":"managed","type":"aws_vpc","name":"this","provider_config_key":"aws","expressions":{"cidr_block":{"references":["var.vpc_cidr"]},"enable_dns_hostnames":{"constant_value":true},"enable_dns_support":{"constant_value":true},"tags":{"references":["var.project","var.project"]}},"schema_version":1},{"address":"data.aws_availability_zones.available","mode":"data","type":"aws_availability_zones","name":"available","provider_config_key":"aws","expressions":{"state":{"constant_value":"available"}},"schema_version":0}],"variables":{"availability_zones_count":{"default":2,"description":"The number of AZs."},"aws_access_key":{"description":"AWS access key"},"aws_secret_key":{"description":"AWS secret key"},"project":{"description":"rbc_strategy"},"region":{"default":"us-east-1","description":"The aws region. https://docs.aws.amazon.com/AWSEC2/latest/UserGuide/using-regions-availability-zones.html"},"subnet_cidr_bits":{"default":8,"description":"The number of subnet bits for the CIDR. For example, specifying a value 8 for this parameter will create a CIDR with a mask of /24."},"tags":{"default":{"Environment":"Development","Owner":"Ayon Choudhury","Project":"TerraformEKSWorkshop"},"description":"A map of tags to add to all resources"},"vpc_cidr":{"default":"10.0.0.0/16","description":"The CIDR block for the VPC. Default value is a valid CIDR, but not acceptable by AWS and should be overridden"}}}},"relevant_attributes":[{"resource":"aws_eks_cluster.this","attribute":["certificate_authority",0,"data"]},{"resource":"aws_iam_role.cluster","attribute":["name"]},{"resource":"aws_security_group.data_plane_sg","attribute":["id"]},{"resource":"aws_security_group.eks_nodes","attribute":["id"]},{"resource":"aws_subnet.public","attribute":[]},{"resource":"aws_route_table.main","attribute":["id"]},{"resource":"aws_nat_gateway.main","attribute":["id"]},{"resource":"aws_vpc.this","attribute":["default_route_table_id"]},{"resource":"aws_vpc.this","attribute":["id"]},{"resource":"aws_security_group.control_plane_sg","attribute":["id"]},{"resource":"aws_subnet.public[0]","attribute":["id"]},{"resource":"aws_iam_role.cluster","attribute":["arn"]},{"resource":"aws_iam_role.node","attribute":["name"]},{"resource":"data.aws_availability_zones.available","attribute":["names"]},{"resource":"aws_eip.main","attribute":["id"]},{"resource":"aws_subnet.private","attribute":[]},{"resource":"aws_eks_cluster.this","attribute":["endpoint"]},{"resource":"aws_security_group.public_sg","attribute":["id"]},{"resource":"aws_internet_gateway.this","attribute":["id"]},{"resource":"aws_security_group.eks_cluster","attribute":["id"]},{"resource":"aws_iam_role.node","attribute":["arn"]},{"resource":"aws_eks_cluster.this","attribute":["name"]}],"timestamp":"2023-06-20T20:32:13Z"}
